%{
  "rocksdb": {:hex, :rocksdb, "2.5.0", "955b15af1d9a23545c7f72a848d0b45b8c6e32202c036bbe85f8af54987546d3", [:rebar3], [], "hexpm", "c3998f61c4077dcd0d1b24b67469279209dac7a1e9ba2cf6215ddfa331015803"},
  "telemetry": {:hex, :telemetry, "1.3.0", "fedebbae410d715cf8e7062c96a1ef32ec22e764197f70cda73d82778d61e7a2", [:rebar3], [], "hexpm", "7015fc8919dbe63764f4b4b87a95b7c0996bd539e0d499be6ec9d7f3875b79e6"},
}
